
Microsoft Visual Studio Solution File, Format Version 12.00
# Visual Studio Version 17
VisualStudioVersion = 17.5.33516.290
MinimumVisualStudioVersion = 10.0.40219.1
Project("{FAE04EC0-301F-11D3-BF4B-00C04F79EFBC}") = "API_HOTELERIA", "API_HOTELERIA\API_HOTELERIA.csproj", "{168A4FBB-D0CA-4DAC-97CE-40F5FE6B25A1}"
EndProject
Global
	GlobalSection(SolutionConfigurationPlatforms) = preSolution
		Debug|Any CPU = Debug|Any CPU
		Release|Any CPU = Release|Any CPU
	EndGlobalSection
	GlobalSection(ProjectConfigurationPlatforms) = postSolution
		{168A4FBB-D0CA-4DAC-97CE-40F5FE6B25A1}.Debug|Any CPU.ActiveCfg = Debug|Any CPU
		{168A4FBB-D0CA-4DAC-97CE-40F5FE6B25A1}.Debug|Any CPU.Build.0 = Debug|Any CPU
		{168A4FBB-D0CA-4DAC-97CE-40F5FE6B25A1}.Release|Any CPU.ActiveCfg = Release|Any CPU
		{168A4FBB-D0CA-4DAC-97CE-40F5FE6B25A1}.Release|Any CPU.Build.0 = Release|Any CPU
	EndGlobalSection
	GlobalSection(SolutionProperties) = preSolution
		HideSolutionNode = FALSE
	EndGlobalSection
	GlobalSection(ExtensibilityGlobals) = postSolution
		SolutionGuid = {A36F7E5B-72BF-4BA4-A0DB-884946E44E0D}
	EndGlobalSection
EndGlobal
